// !$*UTF8*$!
{
	archiveVersion = 1;
	classes = {
	};
	objectVersion = 46;
	objects = {

/* Begin PBXBuildFile section */
		1D3623260D0F684500981E51 /* ChartsAppDelegate.m in Sources */ = {isa = PBXBuildFile; fileRef = 1D3623250D0F684500981E51 /* ChartsAppDelegate.m */; };
		1D60589B0D05DD56006BFB54 /* main.m in Sources */ = {isa = PBXBuildFile; fileRef = 29B97316FDCFA39411CA2CEA /* main.m */; };
		1D60589F0D05DD5A006BFB54 /* Foundation.framework in Frameworks */ = {isa = PBXBuildFile; fileRef = 1D30AB110D05D00D00671497 /* Foundation.framework */; };
		1DF5F4E00D08C38300B7A737 /* UIKit.framework in Frameworks */ = {isa = PBXBuildFile; fileRef = 1DF5F4DF0D08C38300B7A737 /* UIKit.framework */; };
		280E754E0DD40C5E005A515E /* MainView.xib in Resources */ = {isa = PBXBuildFile; fileRef = 280E754B0DD40C5E005A515E /* MainView.xib */; };
		280E754F0DD40C5E005A515E /* MainWindow.xib in Resources */ = {isa = PBXBuildFile; fileRef = 280E754C0DD40C5E005A515E /* MainWindow.xib */; };
		358C53E7117A4AB30041CCA4 /* MediaPlayer.framework in Frameworks */ = {isa = PBXBuildFile; fileRef = 358C53E6117A4AB30041CCA4 /* MediaPlayer.framework */; };
		358C5432117A4FF70041CCA4 /* 720p5994-prores-hq_iPhone_320x240.m4v in Resources */ = {isa = PBXBuildFile; fileRef = 358C5431117A4FF70041CCA4 /* 720p5994-prores-hq_iPhone_320x240.m4v */; };
		358C5470117A61860041CCA4 /* MainWindow-iPad.xib in Resources */ = {isa = PBXBuildFile; fileRef = 358C546F117A61860041CCA4 /* MainWindow-iPad.xib */; };
		358C5582117A9FFF0041CCA4 /* dv_iPhone_320x240.m4v in Resources */ = {isa = PBXBuildFile; fileRef = 358C5581117A9FFF0041CCA4 /* dv_iPhone_320x240.m4v */; };
		358C55B9117AAB8E0041CCA4 /* CoreGraphics.framework in Frameworks */ = {isa = PBXBuildFile; fileRef = 358C55B8117AAB8E0041CCA4 /* CoreGraphics.framework */; };
		358F36D7117BAC040040C89A /* Background Gradient.png in Resources */ = {isa = PBXBuildFile; fileRef = 358F36D5117BAC040040C89A /* Background Gradient.png */; };
		358F36DC117BAC440040C89A /* MainViewController.m in Sources */ = {isa = PBXBuildFile; fileRef = 358F36DB117BAC440040C89A /* MainViewController.m */; };
		35FCA443117B8D780030BF09 /* ThumbNailView.xib in Resources */ = {isa = PBXBuildFile; fileRef = 35FCA442117B8D780030BF09 /* ThumbNailView.xib */; };
		35FCA448117B8E1C0030BF09 /* ThumbNailViewController.m in Sources */ = {isa = PBXBuildFile; fileRef = 35FCA447117B8E1C0030BF09 /* ThumbNailViewController.m */; };
		72777019117DFCD600D33DD4 /* iPadMainView.xib in Resources */ = {isa = PBXBuildFile; fileRef = 72777018117DFCD600D33DD4 /* iPadMainView.xib */; };
		72F96026117E619400504E7E /* ranajune-iPhone-cell.3gp in Resources */ = {isa = PBXBuildFile; fileRef = 72F96025117E619400504E7E /* ranajune-iPhone-cell.3gp */; };
		72F96028117E61A300504E7E /* Heron-iPhone-cell.3gp in Resources */ = {isa = PBXBuildFile; fileRef = 72F96027117E61A300504E7E /* Heron-iPhone-cell.3gp */; };
		72F96032117E638B00504E7E /* Tahoe.3gp in Resources */ = {isa = PBXBuildFile; fileRef = 72F96031117E638B00504E7E /* Tahoe.3gp */; };
		72F96034117E63DF00504E7E /* Piano_Player.3gp in Resources */ = {isa = PBXBuildFile; fileRef = 72F96033117E63DF00504E7E /* Piano_Player.3gp */; };
/* End PBXBuildFile section */

/* Begin PBXFileReference section */
		1D30AB110D05D00D00671497 /* Foundation.framework */ = {isa = PBXFileReference; lastKnownFileType = wrapper.framework; name = Foundation.framework; path = System/Library/Frameworks/Foundation.framework; sourceTree = SDKROOT; };
		1D3623240D0F684500981E51 /* ChartsAppDelegate.h */ = {isa = PBXFileReference; fileEncoding = 4; lastKnownFileType = sourcecode.c.h; path = ChartsAppDelegate.h; sourceTree = "<group>"; };
		1D3623250D0F684500981E51 /* ChartsAppDelegate.m */ = {isa = PBXFileReference; fileEncoding = 4; lastKnownFileType = sourcecode.c.objc; path = ChartsAppDelegate.m; sourceTree = "<group>"; };
		1D6058910D05DD3D006BFB54 /* MediaShower.app */ = {isa = PBXFileReference; explicitFileType = wrapper.application; includeInIndex = 0; path = MediaShower.app; sourceTree = BUILT_PRODUCTS_DIR; };
		1DF5F4DF0D08C38300B7A737 /* UIKit.framework */ = {isa = PBXFileReference; lastKnownFileType = wrapper.framework; name = UIKit.framework; path = System/Library/Frameworks/UIKit.framework; sourceTree = SDKROOT; };
		280E754B0DD40C5E005A515E /* MainView.xib */ = {isa = PBXFileReference; lastKnownFileType = file.xib; path = MainView.xib; sourceTree = "<group>"; };
		280E754C0DD40C5E005A515E /* MainWindow.xib */ = {isa = PBXFileReference; lastKnownFileType = file.xib; path = MainWindow.xib; sourceTree = "<group>"; };
		29B97316FDCFA39411CA2CEA /* main.m */ = {isa = PBXFileReference; fileEncoding = 4; lastKnownFileType = sourcecode.c.objc; path = main.m; sourceTree = "<group>"; };
		32CA4F630368D1EE00C91783 /* Charts_Prefix.pch */ = {isa = PBXFileReference; fileEncoding = 4; lastKnownFileType = sourcecode.c.h; path = Charts_Prefix.pch; sourceTree = "<group>"; };
		358C53E6117A4AB30041CCA4 /* MediaPlayer.framework */ = {isa = PBXFileReference; lastKnownFileType = wrapper.framework; name = MediaPlayer.framework; path = System/Library/Frameworks/MediaPlayer.framework; sourceTree = SDKROOT; };
		358C5431117A4FF70041CCA4 /* 720p5994-prores-hq_iPhone_320x240.m4v */ = {isa = PBXFileReference; lastKnownFileType = file; path = "720p5994-prores-hq_iPhone_320x240.m4v"; sourceTree = "<group>"; };
		358C546F117A61860041CCA4 /* MainWindow-iPad.xib */ = {isa = PBXFileReference; lastKnownFileType = file.xib; name = "MainWindow-iPad.xib"; path = "Resources-iPad/MainWindow-iPad.xib"; sourceTree = "<group>"; };
		358C5581117A9FFF0041CCA4 /* dv_iPhone_320x240.m4v */ = {isa = PBXFileReference; lastKnownFileType = file; path = dv_iPhone_320x240.m4v; sourceTree = "<group>"; };
		358C55B8117AAB8E0041CCA4 /* CoreGraphics.framework */ = {isa = PBXFileReference; lastKnownFileType = wrapper.framework; name = CoreGraphics.framework; path = System/Library/Frameworks/CoreGraphics.framework; sourceTree = SDKROOT; };
		358F36D5117BAC040040C89A /* Background Gradient.png */ = {isa = PBXFileReference; lastKnownFileType = image.png; path = "Background Gradient.png"; sourceTree = "<group>"; };
		358F36DA117BAC440040C89A /* MainViewController.h */ = {isa = PBXFileReference; fileEncoding = 4; lastKnownFileType = sourcecode.c.h; path = MainViewController.h; sourceTree = "<group>"; };
		358F36DB117BAC440040C89A /* MainViewController.m */ = {isa = PBXFileReference; fileEncoding = 4; lastKnownFileType = sourcecode.c.objc; path = MainViewController.m; sourceTree = "<group>"; };
		35FCA442117B8D780030BF09 /* ThumbNailView.xib */ = {isa = PBXFileReference; lastKnownFileType = file.xib; path = ThumbNailView.xib; sourceTree = "<group>"; };
		35FCA446117B8E1C0030BF09 /* ThumbNailViewController.h */ = {isa = PBXFileReference; fileEncoding = 4; lastKnownFileType = sourcecode.c.h; path = ThumbNailViewController.h; sourceTree = "<group>"; };
		35FCA447117B8E1C0030BF09 /* ThumbNailViewController.m */ = {isa = PBXFileReference; fileEncoding = 4; lastKnownFileType = sourcecode.c.objc; path = ThumbNailViewController.m; sourceTree = "<group>"; };
		72777018117DFCD600D33DD4 /* iPadMainView.xib */ = {isa = PBXFileReference; lastKnownFileType = file.xib; name = iPadMainView.xib; path = "Resources-iPad/iPadMainView.xib"; sourceTree = "<group>"; };
		72F96025117E619400504E7E /* ranajune-iPhone-cell.3gp */ = {isa = PBXFileReference; lastKnownFileType = file; path = "ranajune-iPhone-cell.3gp"; sourceTree = "<group>"; };
		72F96027117E61A300504E7E /* Heron-iPhone-cell.3gp */ = {isa = PBXFileReference; lastKnownFileType = file; path = "Heron-iPhone-cell.3gp"; sourceTree = "<group>"; };
		72F96031117E638B00504E7E /* Tahoe.3gp */ = {isa = PBXFileReference; lastKnownFileType = file; path = Tahoe.3gp; sourceTree = "<group>"; };
		72F96033117E63DF00504E7E /* Piano_Player.3gp */ = {isa = PBXFileReference; lastKnownFileType = file; path = Piano_Player.3gp; sourceTree = "<group>"; };
		8D1107310486CEB800E47090 /* MediaShower-Info.plist */ = {isa = PBXFileReference; fileEncoding = 4; lastKnownFileType = text.plist.xml; path = "MediaShower-Info.plist"; plistStructureDefinitionIdentifier = "com.apple.xcode.plist.structure-definition.iphone.info-plist"; sourceTree = "<group>"; };
/* End PBXFileReference section */

/* Begin PBXFrameworksBuildPhase section */
		1D60588F0D05DD3D006BFB54 /* Frameworks */ = {
			isa = PBXFrameworksBuildPhase;
			buildActionMask = 2147483647;
			files = (
				1D60589F0D05DD5A006BFB54 /* Foundation.framework in Frameworks */,
				1DF5F4E00D08C38300B7A737 /* UIKit.framework in Frameworks */,
				358C53E7117A4AB30041CCA4 /* MediaPlayer.framework in Frameworks */,
				358C55B9117AAB8E0041CCA4 /* CoreGraphics.framework in Frameworks */,
			);
			runOnlyForDeploymentPostprocessing = 0;
		};
/* End PBXFrameworksBuildPhase section */

/* Begin PBXGroup section */
		080E96DDFE201D6D7F000001 /* Application Delegate */ = {
			isa = PBXGroup;
			children = (
				1D3623240D0F684500981E51 /* ChartsAppDelegate.h */,
				1D3623250D0F684500981E51 /* ChartsAppDelegate.m */,
			);
			name = "Application Delegate";
			path = Classes;
			sourceTree = "<group>";
		};
		19C28FACFE9D520D11CA2CBB /* Products */ = {
			isa = PBXGroup;
			children = (
				1D6058910D05DD3D006BFB54 /* MediaShower.app */,
			);
			name = Products;
			sourceTree = "<group>";
		};
		289233A00DB2D0730083E9F9 /* Main View */ = {
			isa = PBXGroup;
			children = (
				358F36DA117BAC440040C89A /* MainViewController.h */,
				358F36DB117BAC440040C89A /* MainViewController.m */,
			);
			name = "Main View";
			sourceTree = "<group>";
		};
		29B97314FDCFA39411CA2CEA /* CustomTemplate */ = {
			isa = PBXGroup;
			children = (
				35FCA445117B8DFE0030BF09 /* ThumbNailView */,
				289233A00DB2D0730083E9F9 /* Main View */,
				080E96DDFE201D6D7F000001 /* Application Delegate */,
				29B97315FDCFA39411CA2CEA /* Other Sources */,
				29B97317FDCFA39411CA2CEA /* Resources */,
				358C546E117A61860041CCA4 /* Resources-iPad */,
				29B97323FDCFA39411CA2CEA /* Frameworks */,
				19C28FACFE9D520D11CA2CBB /* Products */,
			);
			name = CustomTemplate;
			sourceTree = "<group>";
		};
		29B97315FDCFA39411CA2CEA /* Other Sources */ = {
			isa = PBXGroup;
			children = (
				32CA4F630368D1EE00C91783 /* Charts_Prefix.pch */,
				29B97316FDCFA39411CA2CEA /* main.m */,
			);
			name = "Other Sources";
			sourceTree = "<group>";
		};
		29B97317FDCFA39411CA2CEA /* Resources */ = {
			isa = PBXGroup;
			children = (
				72F96033117E63DF00504E7E /* Piano_Player.3gp */,
				72F96031117E638B00504E7E /* Tahoe.3gp */,
				72F96027117E61A300504E7E /* Heron-iPhone-cell.3gp */,
				72F96025117E619400504E7E /* ranajune-iPhone-cell.3gp */,
				358F36D5117BAC040040C89A /* Background Gradient.png */,
				358C5431117A4FF70041CCA4 /* 720p5994-prores-hq_iPhone_320x240.m4v */,
				358C5581117A9FFF0041CCA4 /* dv_iPhone_320x240.m4v */,
				35FCA442117B8D780030BF09 /* ThumbNailView.xib */,
				280E754B0DD40C5E005A515E /* MainView.xib */,
				280E754C0DD40C5E005A515E /* MainWindow.xib */,
				8D1107310486CEB800E47090 /* MediaShower-Info.plist */,
			);
			name = Resources;
			sourceTree = "<group>";
		};
		29B97323FDCFA39411CA2CEA /* Frameworks */ = {
			isa = PBXGroup;
			children = (
				1DF5F4DF0D08C38300B7A737 /* UIKit.framework */,
				1D30AB110D05D00D00671497 /* Foundation.framework */,
				358C53E6117A4AB30041CCA4 /* MediaPlayer.framework */,
				358C55B8117AAB8E0041CCA4 /* CoreGraphics.framework */,
			);
			name = Frameworks;
			sourceTree = "<group>";
		};
		358C546E117A61860041CCA4 /* Resources-iPad */ = {
			isa = PBXGroup;
			children = (
				72777018117DFCD600D33DD4 /* iPadMainView.xib */,
				358C546F117A61860041CCA4 /* MainWindow-iPad.xib */,
			);
			name = "Resources-iPad";
			sourceTree = "<group>";
		};
		35FCA445117B8DFE0030BF09 /* ThumbNailView */ = {
			isa = PBXGroup;
			children = (
				35FCA446117B8E1C0030BF09 /* ThumbNailViewController.h */,
				35FCA447117B8E1C0030BF09 /* ThumbNailViewController.m */,
			);
			name = ThumbNailView;
			sourceTree = "<group>";
		};
/* End PBXGroup section */

/* Begin PBXNativeTarget section */
		1D6058900D05DD3D006BFB54 /* Charts */ = {
			isa = PBXNativeTarget;
			buildConfigurationList = 1D6058960D05DD3E006BFB54 /* Build configuration list for PBXNativeTarget "Charts" */;
			buildPhases = (
				1D60588D0D05DD3D006BFB54 /* Resources */,
				1D60588E0D05DD3D006BFB54 /* Sources */,
				1D60588F0D05DD3D006BFB54 /* Frameworks */,
			);
			buildRules = (
			);
			dependencies = (
			);
			name = Charts;
			productName = Charts;
			productReference = 1D6058910D05DD3D006BFB54 /* MediaShower.app */;
			productType = "com.apple.product-type.application";
		};
/* End PBXNativeTarget section */

/* Begin PBXProject section */
		29B97313FDCFA39411CA2CEA /* Project object */ = {
			isa = PBXProject;
			buildConfigurationList = C01FCF4E08A954540054247B /* Build configuration list for PBXProject "MediaShower" */;
			compatibilityVersion = "Xcode 3.2";
			hasScannedForEncodings = 1;
			knownRegions = (
				English,
				Japanese,
				French,
				German,
				en,
			);
			mainGroup = 29B97314FDCFA39411CA2CEA /* CustomTemplate */;
			projectDirPath = "";
			projectRoot = "";
			targets = (
				1D6058900D05DD3D006BFB54 /* Charts */,
			);
		};
/* End PBXProject section */

/* Begin PBXResourcesBuildPhase section */
		1D60588D0D05DD3D006BFB54 /* Resources */ = {
			isa = PBXResourcesBuildPhase;
			buildActionMask = 2147483647;
			files = (
				280E754E0DD40C5E005A515E /* MainView.xib in Resources */,
				280E754F0DD40C5E005A515E /* MainWindow.xib in Resources */,
				358C5432117A4FF70041CCA4 /* 720p5994-prores-hq_iPhone_320x240.m4v in Resources */,
				358C5470117A61860041CCA4 /* MainWindow-iPad.xib in Resources */,
				358C5582117A9FFF0041CCA4 /* dv_iPhone_320x240.m4v in Resources */,
				35FCA443117B8D780030BF09 /* ThumbNailView.xib in Resources */,
				358F36D7117BAC040040C89A /* Background Gradient.png in Resources */,
				72777019117DFCD600D33DD4 /* iPadMainView.xib in Resources */,
				72F96026117E619400504E7E /* ranajune-iPhone-cell.3gp in Resources */,
				72F96028117E61A300504E7E /* Heron-iPhone-cell.3gp in Resources */,
				72F96032117E638B00504E7E /* Tahoe.3gp in Resources */,
				72F96034117E63DF00504E7E /* Piano_Player.3gp in Resources */,
			);
			runOnlyForDeploymentPostprocessing = 0;
		};
/* End PBXResourcesBuildPhase section */

/* Begin PBXSourcesBuildPhase section */
		1D60588E0D05DD3D006BFB54 /* Sources */ = {
			isa = PBXSourcesBuildPhase;
			buildActionMask = 2147483647;
			files = (
				1D60589B0D05DD56006BFB54 /* main.m in Sources */,
				1D3623260D0F684500981E51 /* ChartsAppDelegate.m in Sources */,
				35FCA448117B8E1C0030BF09 /* ThumbNailViewController.m in Sources */,
				358F36DC117BAC440040C89A /* MainViewController.m in Sources */,
			);
			runOnlyForDeploymentPostprocessing = 0;
		};
/* End PBXSourcesBuildPhase section */

/* Begin XCBuildConfiguration section */
		1D6058940D05DD3E006BFB54 /* Debug */ = {
			isa = XCBuildConfiguration;
			buildSettings = {
				ALWAYS_SEARCH_USER_PATHS = NO;
				ARCHS = "$(ARCHS_UNIVERSAL_IPHONE_OS)";
				COPY_PHASE_STRIP = NO;
				GCC_DYNAMIC_NO_PIC = NO;
				GCC_OPTIMIZATION_LEVEL = 0;
				GCC_PRECOMPILE_PREFIX_HEADER = YES;
				GCC_PREFIX_HEADER = Charts_Prefix.pch;
				INFOPLIST_FILE = "MediaShower-Info.plist";
				IPHONEOS_DEPLOYMENT_TARGET = 3.1.3;
				PRODUCT_NAME = MediaShower;
				SDKROOT = iphoneos3.2;
				TARGETED_DEVICE_FAMILY = "1,2";
			};
			name = Debug;
		};
		1D6058950D05DD3E006BFB54 /* Release */ = {
			isa = XCBuildConfiguration;
			buildSettings = {
				ALWAYS_SEARCH_USER_PATHS = NO;
				ARCHS = "$(ARCHS_UNIVERSAL_IPHONE_OS)";
				COPY_PHASE_STRIP = YES;
				GCC_PRECOMPILE_PREFIX_HEADER = YES;
				GCC_PREFIX_HEADER = Charts_Prefix.pch;
				INFOPLIST_FILE = "MediaShower-Info.plist";
				IPHONEOS_DEPLOYMENT_TARGET = 3.1.3;
				PRODUCT_NAME = MediaShower;
				SDKROOT = iphoneos3.2;
				TARGETED_DEVICE_FAMILY = "1,2";
				VALIDATE_PRODUCT = YES;
			};
			name = Release;
		};
		C01FCF4F08A954540054247B /* Debug */ = {
			isa = XCBuildConfiguration;
			buildSettings = {
				ARCHS = "$(ARCHS_STANDARD_32_BIT)";
				"CODE_SIGN_IDENTITY[sdk=iphoneos*]" = "iPhone Developer";
				GCC_C_LANGUAGE_STANDARD = c99;
				GCC_VERSION = 4.2;
				GCC_WARN_ABOUT_RETURN_TYPE = YES;
				GCC_WARN_UNUSED_VARIABLE = YES;
				IPHONEOS_DEPLOYMENT_TARGET = 3.2;
				PREBINDING = NO;
				SDKROOT = iphoneos3.1.3;
			};
			name = Debug;
		};
		C01FCF5008A954540054247B /* Release */ = {
			isa = XCBuildConfiguration;
			buildSettings = {
				ARCHS = "$(ARCHS_STANDARD_32_BIT)";
				"CODE_SIGN_IDENTITY[sdk=iphoneos*]" = "iPhone Developer";
				GCC_C_LANGUAGE_STANDARD = c99;
				GCC_WARN_ABOUT_RETURN_TYPE = YES;
				GCC_WARN_UNUSED_VARIABLE = YES;
				OTHER_CFLAGS = "-DNS_BLOCK_ASSERTIONS=1";
				PREBINDING = NO;
				SDKROOT = iphoneos3.1.3;
			};
			name = Release;
		};
/* End XCBuildConfiguration section */

/* Begin XCConfigurationList section */
		1D6058960D05DD3E006BFB54 /* Build configuration list for PBXNativeTarget "Charts" */ = {
			isa = XCConfigurationList;
			buildConfigurations = (
				1D6058940D05DD3E006BFB54 /* Debug */,
				1D6058950D05DD3E006BFB54 /* Release */,
			);
			defaultConfigurationIsVisible = 0;
			defaultConfigurationName = Release;
		};
		C01FCF4E08A954540054247B /* Build configuration list for PBXProject "MediaShower" */ = {
			isa = XCConfigurationList;
			buildConfigurations = (
				C01FCF4F08A954540054247B /* Debug */,
				C01FCF5008A954540054247B /* Release */,
			);
			defaultConfigurationIsVisible = 0;
			defaultConfigurationName = Release;
		};
/* End XCConfigurationList section */
	};
	rootObject = 29B97313FDCFA39411CA2CEA /* Project object */;
}
